
Microsoft Visual Studio Solution File, Format Version 12.00
# Visual Studio 15
VisualStudioVersion = 15.0.28010.2048
MinimumVisualStudioVersion = 10.0.40219.1
Project("{FAE04EC0-301F-11D3-BF4B-00C04F79EFBC}") = "MyMuesli", "MyMuesli\MyMuesli.csproj", "{124CE95D-6F69-4A20-8AC8-CF0FE561B151}"
EndProject
Project("{FAE04EC0-301F-11D3-BF4B-00C04F79EFBC}") = "MyMuesliTests", "MyMuesliTests\MyMuesliTests.csproj", "{F3577E95-79EF-4CB7-88E5-C770DAB813EC}"
EndProject
Global
	GlobalSection(SolutionConfigurationPlatforms) = preSolution
		Debug|Any CPU = Debug|Any CPU
		Release|Any CPU = Release|Any CPU
	EndGlobalSection
	GlobalSection(ProjectConfigurationPlatforms) = postSolution
		{124CE95D-6F69-4A20-8AC8-CF0FE561B151}.Debug|Any CPU.ActiveCfg = Debug|Any CPU
		{124CE95D-6F69-4A20-8AC8-CF0FE561B151}.Debug|Any CPU.Build.0 = Debug|Any CPU
		{124CE95D-6F69-4A20-8AC8-CF0FE561B151}.Release|Any CPU.ActiveCfg = Release|Any CPU
		{124CE95D-6F69-4A20-8AC8-CF0FE561B151}.Release|Any CPU.Build.0 = Release|Any CPU
		{F3577E95-79EF-4CB7-88E5-C770DAB813EC}.Debug|Any CPU.ActiveCfg = Debug|Any CPU
		{F3577E95-79EF-4CB7-88E5-C770DAB813EC}.Debug|Any CPU.Build.0 = Debug|Any CPU
		{F3577E95-79EF-4CB7-88E5-C770DAB813EC}.Release|Any CPU.ActiveCfg = Release|Any CPU
		{F3577E95-79EF-4CB7-88E5-C770DAB813EC}.Release|Any CPU.Build.0 = Release|Any CPU
	EndGlobalSection
	GlobalSection(SolutionProperties) = preSolution
		HideSolutionNode = FALSE
	EndGlobalSection
	GlobalSection(ExtensibilityGlobals) = postSolution
		SolutionGuid = {5E09F83F-336C-4488-A79A-6972B25D93CE}
	EndGlobalSection
EndGlobal
